
Microsoft Visual Studio Solution File, Format Version 12.00
# Visual Studio Version 16
VisualStudioVersion = 16.0.31515.178
MinimumVisualStudioVersion = 10.0.40219.1
Project("{FAE04EC0-301F-11D3-BF4B-00C04F79EFBC}") = "HelloWorld", "HelloWorld\HelloWorld.csproj", "{93193715-5D5C-456C-AF07-1B21B0751A74}"
EndProject
Global
	GlobalSection(SolutionConfigurationPlatforms) = preSolution
		Debug|Any CPU = Debug|Any CPU
		Release|Any CPU = Release|Any CPU
	EndGlobalSection
	GlobalSection(ProjectConfigurationPlatforms) = postSolution
		{93193715-5D5C-456C-AF07-1B21B0751A74}.Debug|Any CPU.ActiveCfg = Debug|Any CPU
		{93193715-5D5C-456C-AF07-1B21B0751A74}.Debug|Any CPU.Build.0 = Debug|Any CPU
		{93193715-5D5C-456C-AF07-1B21B0751A74}.Release|Any CPU.ActiveCfg = Release|Any CPU
		{93193715-5D5C-456C-AF07-1B21B0751A74}.Release|Any CPU.Build.0 = Release|Any CPU
	EndGlobalSection
	GlobalSection(SolutionProperties) = preSolution
		HideSolutionNode = FALSE
	EndGlobalSection
	GlobalSection(ExtensibilityGlobals) = postSolution
		SolutionGuid = {1412C04A-8795-458B-9EDC-FF8691965A4C}
	EndGlobalSection
EndGlobal
